// !$*UTF8*$!
{
	archiveVersion = 1;
	classes = {
	};
	objectVersion = 50;
	objects = {

/* Begin PBXBuildFile section */
		57CBC5D622405E8200A04623 /* AppDelegate.swift in Sources */ = {isa = PBXBuildFile; fileRef = 57CBC5D522405E8200A04623 /* AppDelegate.swift */; };
		57CBC5D822405E8200A04623 /* ViewController.swift in Sources */ = {isa = PBXBuildFile; fileRef = 57CBC5D722405E8200A04623 /* ViewController.swift */; };
		57CBC5DB22405E8200A04623 /* Main.storyboard in Resources */ = {isa = PBXBuildFile; fileRef = 57CBC5D922405E8200A04623 /* Main.storyboard */; };
		57CBC5DE22405E8200A04623 /* DesafioAgenda.xcdatamodeld in Sources */ = {isa = PBXBuildFile; fileRef = 57CBC5DC22405E8200A04623 /* DesafioAgenda.xcdatamodeld */; };
		57CBC5E022405E8300A04623 /* Assets.xcassets in Resources */ = {isa = PBXBuildFile; fileRef = 57CBC5DF22405E8300A04623 /* Assets.xcassets */; };
		57CBC5E322405E8300A04623 /* LaunchScreen.storyboard in Resources */ = {isa = PBXBuildFile; fileRef = 57CBC5E122405E8300A04623 /* LaunchScreen.storyboard */; };
		57CBC5EE2240614700A04623 /* ContatosTableViewController.swift in Sources */ = {isa = PBXBuildFile; fileRef = 57CBC5ED2240614700A04623 /* ContatosTableViewController.swift */; };
		57CBC5F02240615A00A04623 /* Contatos.swift in Sources */ = {isa = PBXBuildFile; fileRef = 57CBC5EF2240615A00A04623 /* Contatos.swift */; };
/* End PBXBuildFile section */

/* Begin PBXFileReference section */
		57CBC5D222405E8200A04623 /* DesafioAgenda.app */ = {isa = PBXFileReference; explicitFileType = wrapper.application; includeInIndex = 0; path = DesafioAgenda.app; sourceTree = BUILT_PRODUCTS_DIR; };
		57CBC5D522405E8200A04623 /* AppDelegate.swift */ = {isa = PBXFileReference; lastKnownFileType = sourcecode.swift; path = AppDelegate.swift; sourceTree = "<group>"; };
		57CBC5D722405E8200A04623 /* ViewController.swift */ = {isa = PBXFileReference; lastKnownFileType = sourcecode.swift; path = ViewController.swift; sourceTree = "<group>"; };
		57CBC5DA22405E8200A04623 /* Base */ = {isa = PBXFileReference; lastKnownFileType = file.storyboard; name = Base; path = Base.lproj/Main.storyboard; sourceTree = "<group>"; };
		57CBC5DD22405E8200A04623 /* DesafioAgenda.xcdatamodel */ = {isa = PBXFileReference; lastKnownFileType = wrapper.xcdatamodel; path = DesafioAgenda.xcdatamodel; sourceTree = "<group>"; };
		57CBC5DF22405E8300A04623 /* Assets.xcassets */ = {isa = PBXFileReference; lastKnownFileType = folder.assetcatalog; path = Assets.xcassets; sourceTree = "<group>"; };
		57CBC5E222405E8300A04623 /* Base */ = {isa = PBXFileReference; lastKnownFileType = file.storyboard; name = Base; path = Base.lproj/LaunchScreen.storyboard; sourceTree = "<group>"; };
		57CBC5E422405E8300A04623 /* Info.plist */ = {isa = PBXFileReference; lastKnownFileType = text.plist.xml; path = Info.plist; sourceTree = "<group>"; };
		57CBC5ED2240614700A04623 /* ContatosTableViewController.swift */ = {isa = PBXFileReference; lastKnownFileType = sourcecode.swift; path = ContatosTableViewController.swift; sourceTree = "<group>"; };
		57CBC5EF2240615A00A04623 /* Contatos.swift */ = {isa = PBXFileReference; lastKnownFileType = sourcecode.swift; path = Contatos.swift; sourceTree = "<group>"; };
/* End PBXFileReference section */

/* Begin PBXFrameworksBuildPhase section */
		57CBC5CF22405E8200A04623 /* Frameworks */ = {
			isa = PBXFrameworksBuildPhase;
			buildActionMask = 2147483647;
			files = (
			);
			runOnlyForDeploymentPostprocessing = 0;
		};
/* End PBXFrameworksBuildPhase section */

/* Begin PBXGroup section */
		57CBC5C922405E8200A04623 = {
			isa = PBXGroup;
			children = (
				57CBC5D422405E8200A04623 /* DesafioAgenda */,
				57CBC5D322405E8200A04623 /* Products */,
			);
			sourceTree = "<group>";
		};
		57CBC5D322405E8200A04623 /* Products */ = {
			isa = PBXGroup;
			children = (
				57CBC5D222405E8200A04623 /* DesafioAgenda.app */,
			);
			name = Products;
			sourceTree = "<group>";
		};
		57CBC5D422405E8200A04623 /* DesafioAgenda */ = {
			isa = PBXGroup;
			children = (
				57CBC5EC224060E200A04623 /* View */,
				57CBC5EB224060DC00A04623 /* Model */,
				57CBC5EA224060D000A04623 /* Controlle */,
				57CBC5E422405E8300A04623 /* Info.plist */,
				57CBC5DC22405E8200A04623 /* DesafioAgenda.xcdatamodeld */,
			);
			path = DesafioAgenda;
			sourceTree = "<group>";
		};
		57CBC5EA224060D000A04623 /* Controlle */ = {
			isa = PBXGroup;
			children = (
				57CBC5D522405E8200A04623 /* AppDelegate.swift */,
				57CBC5D722405E8200A04623 /* ViewController.swift */,
				57CBC5ED2240614700A04623 /* ContatosTableViewController.swift */,
			);
			path = Controlle;
			sourceTree = "<group>";
		};
		57CBC5EB224060DC00A04623 /* Model */ = {
			isa = PBXGroup;
			children = (
				57CBC5EF2240615A00A04623 /* Contatos.swift */,
			);
			path = Model;
			sourceTree = "<group>";
		};
		57CBC5EC224060E200A04623 /* View */ = {
			isa = PBXGroup;
			children = (
				57CBC5DF22405E8300A04623 /* Assets.xcassets */,
				57CBC5D922405E8200A04623 /* Main.storyboard */,
				57CBC5E122405E8300A04623 /* LaunchScreen.storyboard */,
			);
			path = View;
			sourceTree = "<group>";
		};
/* End PBXGroup section */

/* Begin PBXNativeTarget section */
		57CBC5D122405E8200A04623 /* DesafioAgenda */ = {
			isa = PBXNativeTarget;
			buildConfigurationList = 57CBC5E722405E8300A04623 /* Build configuration list for PBXNativeTarget "DesafioAgenda" */;
			buildPhases = (
				57CBC5CE22405E8200A04623 /* Sources */,
				57CBC5CF22405E8200A04623 /* Frameworks */,
				57CBC5D022405E8200A04623 /* Resources */,
			);
			buildRules = (
			);
			dependencies = (
			);
			name = DesafioAgenda;
			productName = DesafioAgenda;
			productReference = 57CBC5D222405E8200A04623 /* DesafioAgenda.app */;
			productType = "com.apple.product-type.application";
		};
/* End PBXNativeTarget section */

/* Begin PBXProject section */
		57CBC5CA22405E8200A04623 /* Project object */ = {
			isa = PBXProject;
			attributes = {
				LastSwiftUpdateCheck = 1010;
				LastUpgradeCheck = 1010;
				ORGANIZATIONNAME = ALUNO;
				TargetAttributes = {
					57CBC5D122405E8200A04623 = {
						CreatedOnToolsVersion = 10.1;
					};
				};
			};
			buildConfigurationList = 57CBC5CD22405E8200A04623 /* Build configuration list for PBXProject "DesafioAgenda" */;
			compatibilityVersion = "Xcode 9.3";
			developmentRegion = en;
			hasScannedForEncodings = 0;
			knownRegions = (
				en,
				Base,
			);
			mainGroup = 57CBC5C922405E8200A04623;
			productRefGroup = 57CBC5D322405E8200A04623 /* Products */;
			projectDirPath = "";
			projectRoot = "";
			targets = (
				57CBC5D122405E8200A04623 /* DesafioAgenda */,
			);
		};
/* End PBXProject section */

/* Begin PBXResourcesBuildPhase section */
		57CBC5D022405E8200A04623 /* Resources */ = {
			isa = PBXResourcesBuildPhase;
			buildActionMask = 2147483647;
			files = (
				57CBC5E322405E8300A04623 /* LaunchScreen.storyboard in Resources */,
				57CBC5E022405E8300A04623 /* Assets.xcassets in Resources */,
				57CBC5DB22405E8200A04623 /* Main.storyboard in Resources */,
			);
			runOnlyForDeploymentPostprocessing = 0;
		};
/* End PBXResourcesBuildPhase section */

/* Begin PBXSourcesBuildPhase section */
		57CBC5CE22405E8200A04623 /* Sources */ = {
			isa = PBXSourcesBuildPhase;
			buildActionMask = 2147483647;
			files = (
				57CBC5D822405E8200A04623 /* ViewController.swift in Sources */,
				57CBC5DE22405E8200A04623 /* DesafioAgenda.xcdatamodeld in Sources */,
				57CBC5F02240615A00A04623 /* Contatos.swift in Sources */,
				57CBC5EE2240614700A04623 /* ContatosTableViewController.swift in Sources */,
				57CBC5D622405E8200A04623 /* AppDelegate.swift in Sources */,
			);
			runOnlyForDeploymentPostprocessing = 0;
		};
/* End PBXSourcesBuildPhase section */

/* Begin PBXVariantGroup section */
		57CBC5D922405E8200A04623 /* Main.storyboard */ = {
			isa = PBXVariantGroup;
			children = (
				57CBC5DA22405E8200A04623 /* Base */,
			);
			name = Main.storyboard;
			sourceTree = "<group>";
		};
		57CBC5E122405E8300A04623 /* LaunchScreen.storyboard */ = {
			isa = PBXVariantGroup;
			children = (
				57CBC5E222405E8300A04623 /* Base */,
			);
			name = LaunchScreen.storyboard;
			sourceTree = "<group>";
		};
/* End PBXVariantGroup section */

/* Begin XCBuildConfiguration section */
		57CBC5E522405E8300A04623 /* Debug */ = {
			isa = XCBuildConfiguration;
			buildSettings = {
				ALWAYS_SEARCH_USER_PATHS = NO;
				CLANG_ANALYZER_NONNULL = YES;
				CLANG_ANALYZER_NUMBER_OBJECT_CONVERSION = YES_AGGRESSIVE;
				CLANG_CXX_LANGUAGE_STANDARD = "gnu++14";
				CLANG_CXX_LIBRARY = "libc++";
				CLANG_ENABLE_MODULES = YES;
				CLANG_ENABLE_OBJC_ARC = YES;
				CLANG_ENABLE_OBJC_WEAK = YES;
				CLANG_WARN_BLOCK_CAPTURE_AUTORELEASING = YES;
				CLANG_WARN_BOOL_CONVERSION = YES;
				CLANG_WARN_COMMA = YES;
				CLANG_WARN_CONSTANT_CONVERSION = YES;
				CLANG_WARN_DEPRECATED_OBJC_IMPLEMENTATIONS = YES;
				CLANG_WARN_DIRECT_OBJC_ISA_USAGE = YES_ERROR;
				CLANG_WARN_DOCUMENTATION_COMMENTS = YES;
				CLANG_WARN_EMPTY_BODY = YES;
				CLANG_WARN_ENUM_CONVERSION = YES;
				CLANG_WARN_INFINITE_RECURSION = YES;
				CLANG_WARN_INT_CONVERSION = YES;
				CLANG_WARN_NON_LITERAL_NULL_CONVERSION = YES;
				CLANG_WARN_OBJC_IMPLICIT_RETAIN_SELF = YES;
				CLANG_WARN_OBJC_LITERAL_CONVERSION = YES;
				CLANG_WARN_OBJC_ROOT_CLASS = YES_ERROR;
				CLANG_WARN_RANGE_LOOP_ANALYSIS = YES;
				CLANG_WARN_STRICT_PROTOTYPES = YES;
				CLANG_WARN_SUSPICIOUS_MOVE = YES;
				CLANG_WARN_UNGUARDED_AVAILABILITY = YES_AGGRESSIVE;
				CLANG_WARN_UNREACHABLE_CODE = YES;
				CLANG_WARN__DUPLICATE_METHOD_MATCH = YES;
				CODE_SIGN_IDENTITY = "iPhone Developer";
				COPY_PHASE_STRIP = NO;
				DEBUG_INFORMATION_FORMAT = dwarf;
				ENABLE_STRICT_OBJC_MSGSEND = YES;
				ENABLE_TESTABILITY = YES;
				GCC_C_LANGUAGE_STANDARD = gnu11;
				GCC_DYNAMIC_NO_PIC = NO;
				GCC_NO_COMMON_BLOCKS = YES;
				GCC_OPTIMIZATION_LEVEL = 0;
				GCC_PREPROCESSOR_DEFINITIONS = (
					"DEBUG=1",
					"$(inherited)",
				);
				GCC_WARN_64_TO_32_BIT_CONVERSION = YES;
				GCC_WARN_ABOUT_RETURN_TYPE = YES_ERROR;
				GCC_WARN_UNDECLARED_SELECTOR = YES;
				GCC_WARN_UNINITIALIZED_AUTOS = YES_AGGRESSIVE;
				GCC_WARN_UNUSED_FUNCTION = YES;
				GCC_WARN_UNUSED_VARIABLE = YES;
				IPHONEOS_DEPLOYMENT_TARGET = 12.1;
				MTL_ENABLE_DEBUG_INFO = INCLUDE_SOURCE;
				MTL_FAST_MATH = YES;
				ONLY_ACTIVE_ARCH = YES;
				SDKROOT = iphoneos;
				SWIFT_ACTIVE_COMPILATION_CONDITIONS = DEBUG;
				SWIFT_OPTIMIZATION_LEVEL = "-Onone";
			};
			name = Debug;
		};
		57CBC5E622405E8300A04623 /* Release */ = {
			isa = XCBuildConfiguration;
			buildSettings = {
				ALWAYS_SEARCH_USER_PATHS = NO;
				CLANG_ANALYZER_NONNULL = YES;
				CLANG_ANALYZER_NUMBER_OBJECT_CONVERSION = YES_AGGRESSIVE;
				CLANG_CXX_LANGUAGE_STANDARD = "gnu++14";
				CLANG_CXX_LIBRARY = "libc++";
				CLANG_ENABLE_MODULES = YES;
				CLANG_ENABLE_OBJC_ARC = YES;
				CLANG_ENABLE_OBJC_WEAK = YES;
				CLANG_WARN_BLOCK_CAPTURE_AUTORELEASING = YES;
				CLANG_WARN_BOOL_CONVERSION = YES;
				CLANG_WARN_COMMA = YES;
				CLANG_WARN_CONSTANT_CONVERSION = YES;
				CLANG_WARN_DEPRECATED_OBJC_IMPLEMENTATIONS = YES;
				CLANG_WARN_DIRECT_OBJC_ISA_USAGE = YES_ERROR;
				CLANG_WARN_DOCUMENTATION_COMMENTS = YES;
				CLANG_WARN_EMPTY_BODY = YES;
				CLANG_WARN_ENUM_CONVERSION = YES;
				CLANG_WARN_INFINITE_RECURSION = YES;
				CLANG_WARN_INT_CONVERSION = YES;
				CLANG_WARN_NON_LITERAL_NULL_CONVERSION = YES;
				CLANG_WARN_OBJC_IMPLICIT_RETAIN_SELF = YES;
				CLANG_WARN_OBJC_LITERAL_CONVERSION = YES;
				CLANG_WARN_OBJC_ROOT_CLASS = YES_ERROR;
				CLANG_WARN_RANGE_LOOP_ANALYSIS = YES;
				CLANG_WARN_STRICT_PROTOTYPES = YES;
				CLANG_WARN_SUSPICIOUS_MOVE = YES;
				CLANG_WARN_UNGUARDED_AVAILABILITY = YES_AGGRESSIVE;
				CLANG_WARN_UNREACHABLE_CODE = YES;
				CLANG_WARN__DUPLICATE_METHOD_MATCH = YES;
				CODE_SIGN_IDENTITY = "iPhone Developer";
				COPY_PHASE_STRIP = NO;
				DEBUG_INFORMATION_FORMAT = "dwarf-with-dsym";
				ENABLE_NS_ASSERTIONS = NO;
				ENABLE_STRICT_OBJC_MSGSEND = YES;
				GCC_C_LANGUAGE_STANDARD = gnu11;
				GCC_NO_COMMON_BLOCKS = YES;
				GCC_WARN_64_TO_32_BIT_CONVERSION = YES;
				GCC_WARN_ABOUT_RETURN_TYPE = YES_ERROR;
				GCC_WARN_UNDECLARED_SELECTOR = YES;
				GCC_WARN_UNINITIALIZED_AUTOS = YES_AGGRESSIVE;
				GCC_WARN_UNUSED_FUNCTION = YES;
				GCC_WARN_UNUSED_VARIABLE = YES;
				IPHONEOS_DEPLOYMENT_TARGET = 12.1;
				MTL_ENABLE_DEBUG_INFO = NO;
				MTL_FAST_MATH = YES;
				SDKROOT = iphoneos;
				SWIFT_COMPILATION_MODE = wholemodule;
				SWIFT_OPTIMIZATION_LEVEL = "-O";
				VALIDATE_PRODUCT = YES;
			};
			name = Release;
		};
		57CBC5E822405E8300A04623 /* Debug */ = {
			isa = XCBuildConfiguration;
			buildSettings = {
				ASSETCATALOG_COMPILER_APPICON_NAME = AppIcon;
				CODE_SIGN_STYLE = Automatic;
				INFOPLIST_FILE = DesafioAgenda/Info.plist;
				LD_RUNPATH_SEARCH_PATHS = (
					"$(inherited)",
					"@executable_path/Frameworks",
				);
				PRODUCT_BUNDLE_IDENTIFIER = br.pucpr.DesafioAgenda;
				PRODUCT_NAME = "$(TARGET_NAME)";
				SWIFT_VERSION = 4.2;
				TARGETED_DEVICE_FAMILY = "1,2";
			};
			name = Debug;
		};
		57CBC5E922405E8300A04623 /* Release */ = {
			isa = XCBuildConfiguration;
			buildSettings = {
				ASSETCATALOG_COMPILER_APPICON_NAME = AppIcon;
				CODE_SIGN_STYLE = Automatic;
				INFOPLIST_FILE = DesafioAgenda/Info.plist;
				LD_RUNPATH_SEARCH_PATHS = (
					"$(inherited)",
					"@executable_path/Frameworks",
				);
				PRODUCT_BUNDLE_IDENTIFIER = br.pucpr.DesafioAgenda;
				PRODUCT_NAME = "$(TARGET_NAME)";
				SWIFT_VERSION = 4.2;
				TARGETED_DEVICE_FAMILY = "1,2";
			};
			name = Release;
		};
/* End XCBuildConfiguration section */

/* Begin XCConfigurationList section */
		57CBC5CD22405E8200A04623 /* Build configuration list for PBXProject "DesafioAgenda" */ = {
			isa = XCConfigurationList;
			buildConfigurations = (
				57CBC5E522405E8300A04623 /* Debug */,
				57CBC5E622405E8300A04623 /* Release */,
			);
			defaultConfigurationIsVisible = 0;
			defaultConfigurationName = Release;
		};
		57CBC5E722405E8300A04623 /* Build configuration list for PBXNativeTarget "DesafioAgenda" */ = {
			isa = XCConfigurationList;
			buildConfigurations = (
				57CBC5E822405E8300A04623 /* Debug */,
				57CBC5E922405E8300A04623 /* Release */,
			);
			defaultConfigurationIsVisible = 0;
			defaultConfigurationName = Release;
		};
/* End XCConfigurationList section */

/* Begin XCVersionGroup section */
		57CBC5DC22405E8200A04623 /* DesafioAgenda.xcdatamodeld */ = {
			isa = XCVersionGroup;
			children = (
				57CBC5DD22405E8200A04623 /* DesafioAgenda.xcdatamodel */,
			);
			currentVersion = 57CBC5DD22405E8200A04623 /* DesafioAgenda.xcdatamodel */;
			path = DesafioAgenda.xcdatamodeld;
			sourceTree = "<group>";
			versionGroupType = wrapper.xcdatamodel;
		};
/* End XCVersionGroup section */
	};
	rootObject = 57CBC5CA22405E8200A04623 /* Project object */;
}
